
Microsoft Visual Studio Solution File, Format Version 12.00
# Visual Studio 2012
Project("{8BC9CEB8-8B4A-11D0-8D11-00A0C91BC942}") = "poj 2817-WordStack(状态dp)", "poj 2817-WordStack(状态dp)\poj 2817-WordStack(状态dp).vcxproj", "{50FADEAA-E03D-4CA8-9043-FF994DD0511A}"
EndProject
Global
	GlobalSection(SolutionConfigurationPlatforms) = preSolution
		Debug|Win32 = Debug|Win32
		Release|Win32 = Release|Win32
	EndGlobalSection
	GlobalSection(ProjectConfigurationPlatforms) = postSolution
		{50FADEAA-E03D-4CA8-9043-FF994DD0511A}.Debug|Win32.ActiveCfg = Debug|Win32
		{50FADEAA-E03D-4CA8-9043-FF994DD0511A}.Debug|Win32.Build.0 = Debug|Win32
		{50FADEAA-E03D-4CA8-9043-FF994DD0511A}.Release|Win32.ActiveCfg = Release|Win32
		{50FADEAA-E03D-4CA8-9043-FF994DD0511A}.Release|Win32.Build.0 = Release|Win32
	EndGlobalSection
	GlobalSection(SolutionProperties) = preSolution
		HideSolutionNode = FALSE
	EndGlobalSection
EndGlobal
