
Microsoft Visual Studio Solution File, Format Version 11.00
# Visual Studio 2010
Project("{8BC9CEB8-8B4A-11D0-8D11-00A0C91BC942}") = "hdu 1166-敌兵布阵问题", "hdu 1166-敌兵布阵问题\hdu 1166-敌兵布阵问题.vcxproj", "{0CFDA268-31D7-4E07-9201-C30E6CAEDD75}"
EndProject
Global
	GlobalSection(SolutionConfigurationPlatforms) = preSolution
		Debug|Win32 = Debug|Win32
		Release|Win32 = Release|Win32
	EndGlobalSection
	GlobalSection(ProjectConfigurationPlatforms) = postSolution
		{0CFDA268-31D7-4E07-9201-C30E6CAEDD75}.Debug|Win32.ActiveCfg = Debug|Win32
		{0CFDA268-31D7-4E07-9201-C30E6CAEDD75}.Debug|Win32.Build.0 = Debug|Win32
		{0CFDA268-31D7-4E07-9201-C30E6CAEDD75}.Release|Win32.ActiveCfg = Release|Win32
		{0CFDA268-31D7-4E07-9201-C30E6CAEDD75}.Release|Win32.Build.0 = Release|Win32
	EndGlobalSection
	GlobalSection(SolutionProperties) = preSolution
		HideSolutionNode = FALSE
	EndGlobalSection
EndGlobal
