
Microsoft Visual Studio Solution File, Format Version 11.00
# Visual Studio 2010
Project("{8BC9CEB8-8B4A-11D0-8D11-00A0C91BC942}") = "hdu 2222-Keywords Search", "hdu 2222-Keywords Search\hdu 2222-Keywords Search.vcxproj", "{F6F5A7B7-685E-4F96-BC47-203207F13855}"
EndProject
Global
	GlobalSection(SolutionConfigurationPlatforms) = preSolution
		Debug|Win32 = Debug|Win32
		Release|Win32 = Release|Win32
	EndGlobalSection
	GlobalSection(ProjectConfigurationPlatforms) = postSolution
		{F6F5A7B7-685E-4F96-BC47-203207F13855}.Debug|Win32.ActiveCfg = Debug|Win32
		{F6F5A7B7-685E-4F96-BC47-203207F13855}.Debug|Win32.Build.0 = Debug|Win32
		{F6F5A7B7-685E-4F96-BC47-203207F13855}.Release|Win32.ActiveCfg = Release|Win32
		{F6F5A7B7-685E-4F96-BC47-203207F13855}.Release|Win32.Build.0 = Release|Win32
	EndGlobalSection
	GlobalSection(SolutionProperties) = preSolution
		HideSolutionNode = FALSE
	EndGlobalSection
EndGlobal
