
Microsoft Visual Studio Solution File, Format Version 11.00
# Visual Studio 2010
Project("{8BC9CEB8-8B4A-11D0-8D11-00A0C91BC942}") = "hoj 1596-Video Surveillance", "hoj 1596-Video Surveillance\hoj 1596-Video Surveillance.vcxproj", "{8AD977CE-807D-44D1-9D39-D909D522FA92}"
EndProject
Global
	GlobalSection(SolutionConfigurationPlatforms) = preSolution
		Debug|Win32 = Debug|Win32
		Release|Win32 = Release|Win32
	EndGlobalSection
	GlobalSection(ProjectConfigurationPlatforms) = postSolution
		{8AD977CE-807D-44D1-9D39-D909D522FA92}.Debug|Win32.ActiveCfg = Debug|Win32
		{8AD977CE-807D-44D1-9D39-D909D522FA92}.Debug|Win32.Build.0 = Debug|Win32
		{8AD977CE-807D-44D1-9D39-D909D522FA92}.Release|Win32.ActiveCfg = Release|Win32
		{8AD977CE-807D-44D1-9D39-D909D522FA92}.Release|Win32.Build.0 = Release|Win32
	EndGlobalSection
	GlobalSection(SolutionProperties) = preSolution
		HideSolutionNode = FALSE
	EndGlobalSection
EndGlobal
