
Microsoft Visual Studio Solution File, Format Version 10.00
# Visual Studio 2008
Project("{FAE04EC0-301F-11D3-BF4B-00C04F79EFBC}") = "Myform7", "Myform7\Myform7.csproj", "{733481B9-6294-4499-9B5A-CEE8728B7EF4}"
EndProject
Global
	GlobalSection(SolutionConfigurationPlatforms) = preSolution
		Debug|Any CPU = Debug|Any CPU
		Release|Any CPU = Release|Any CPU
	EndGlobalSection
	GlobalSection(ProjectConfigurationPlatforms) = postSolution
		{733481B9-6294-4499-9B5A-CEE8728B7EF4}.Debug|Any CPU.ActiveCfg = Debug|Any CPU
		{733481B9-6294-4499-9B5A-CEE8728B7EF4}.Debug|Any CPU.Build.0 = Debug|Any CPU
		{733481B9-6294-4499-9B5A-CEE8728B7EF4}.Release|Any CPU.ActiveCfg = Release|Any CPU
		{733481B9-6294-4499-9B5A-CEE8728B7EF4}.Release|Any CPU.Build.0 = Release|Any CPU
	EndGlobalSection
	GlobalSection(SolutionProperties) = preSolution
		HideSolutionNode = FALSE
	EndGlobalSection
EndGlobal
