
Microsoft Visual Studio Solution File, Format Version 11.00
# Visual Studio 2010
Project("{8BC9CEB8-8B4A-11D0-8D11-00A0C91BC942}") = "Trie树模板", "Trie树模板\Trie树模板.vcxproj", "{6D226C20-2D39-41E3-9ED5-7C0F386D6CD7}"
EndProject
Global
	GlobalSection(SolutionConfigurationPlatforms) = preSolution
		Debug|Win32 = Debug|Win32
		Release|Win32 = Release|Win32
	EndGlobalSection
	GlobalSection(ProjectConfigurationPlatforms) = postSolution
		{6D226C20-2D39-41E3-9ED5-7C0F386D6CD7}.Debug|Win32.ActiveCfg = Debug|Win32
		{6D226C20-2D39-41E3-9ED5-7C0F386D6CD7}.Debug|Win32.Build.0 = Debug|Win32
		{6D226C20-2D39-41E3-9ED5-7C0F386D6CD7}.Release|Win32.ActiveCfg = Release|Win32
		{6D226C20-2D39-41E3-9ED5-7C0F386D6CD7}.Release|Win32.Build.0 = Release|Win32
	EndGlobalSection
	GlobalSection(SolutionProperties) = preSolution
		HideSolutionNode = FALSE
	EndGlobalSection
EndGlobal
