
Microsoft Visual Studio Solution File, Format Version 11.00
# Visual Studio 2010
Project("{8BC9CEB8-8B4A-11D0-8D11-00A0C91BC942}") = "hoj 1866-猩猩点灯", "hoj 1866-猩猩点灯\hoj 1866-猩猩点灯.vcxproj", "{31A0F23D-9B2D-4265-A8AA-6A5206E7E064}"
EndProject
Global
	GlobalSection(SolutionConfigurationPlatforms) = preSolution
		Debug|Win32 = Debug|Win32
		Release|Win32 = Release|Win32
	EndGlobalSection
	GlobalSection(ProjectConfigurationPlatforms) = postSolution
		{31A0F23D-9B2D-4265-A8AA-6A5206E7E064}.Debug|Win32.ActiveCfg = Debug|Win32
		{31A0F23D-9B2D-4265-A8AA-6A5206E7E064}.Debug|Win32.Build.0 = Debug|Win32
		{31A0F23D-9B2D-4265-A8AA-6A5206E7E064}.Release|Win32.ActiveCfg = Release|Win32
		{31A0F23D-9B2D-4265-A8AA-6A5206E7E064}.Release|Win32.Build.0 = Release|Win32
	EndGlobalSection
	GlobalSection(SolutionProperties) = preSolution
		HideSolutionNode = FALSE
	EndGlobalSection
EndGlobal
