
Microsoft Visual Studio Solution File, Format Version 11.00
# Visual Studio 2010
Project("{8BC9CEB8-8B4A-11D0-8D11-00A0C91BC942}") = "hoj 1078-u calculate e", "hoj 1078-u calculate e\hoj 1078-u calculate e.vcxproj", "{F31C5CE9-D5E2-4A56-9FF6-37584A9CAAB9}"
EndProject
Global
	GlobalSection(SolutionConfigurationPlatforms) = preSolution
		Debug|Win32 = Debug|Win32
		Release|Win32 = Release|Win32
	EndGlobalSection
	GlobalSection(ProjectConfigurationPlatforms) = postSolution
		{F31C5CE9-D5E2-4A56-9FF6-37584A9CAAB9}.Debug|Win32.ActiveCfg = Debug|Win32
		{F31C5CE9-D5E2-4A56-9FF6-37584A9CAAB9}.Debug|Win32.Build.0 = Debug|Win32
		{F31C5CE9-D5E2-4A56-9FF6-37584A9CAAB9}.Release|Win32.ActiveCfg = Release|Win32
		{F31C5CE9-D5E2-4A56-9FF6-37584A9CAAB9}.Release|Win32.Build.0 = Release|Win32
	EndGlobalSection
	GlobalSection(SolutionProperties) = preSolution
		HideSolutionNode = FALSE
	EndGlobalSection
EndGlobal
