
Microsoft Visual Studio Solution File, Format Version 11.00
# Visual Studio 2010
Project("{8BC9CEB8-8B4A-11D0-8D11-00A0C91BC942}") = "hoj 1696-No Brainer", "hoj 1696-No Brainer\hoj 1696-No Brainer.vcxproj", "{1998A741-FC34-4D1C-993B-8CCC8C8EE40D}"
EndProject
Global
	GlobalSection(SolutionConfigurationPlatforms) = preSolution
		Debug|Win32 = Debug|Win32
		Release|Win32 = Release|Win32
	EndGlobalSection
	GlobalSection(ProjectConfigurationPlatforms) = postSolution
		{1998A741-FC34-4D1C-993B-8CCC8C8EE40D}.Debug|Win32.ActiveCfg = Debug|Win32
		{1998A741-FC34-4D1C-993B-8CCC8C8EE40D}.Debug|Win32.Build.0 = Debug|Win32
		{1998A741-FC34-4D1C-993B-8CCC8C8EE40D}.Release|Win32.ActiveCfg = Release|Win32
		{1998A741-FC34-4D1C-993B-8CCC8C8EE40D}.Release|Win32.Build.0 = Release|Win32
	EndGlobalSection
	GlobalSection(SolutionProperties) = preSolution
		HideSolutionNode = FALSE
	EndGlobalSection
EndGlobal
