
Microsoft Visual Studio Solution File, Format Version 11.00
# Visual Studio 2010
Project("{8BC9CEB8-8B4A-11D0-8D11-00A0C91BC942}") = "hdu 2896-病毒侵袭", "hdu 2896-病毒侵袭\hdu 2896-病毒侵袭.vcxproj", "{5E2E3B85-840F-4AD9-8C56-9E74787ACA84}"
EndProject
Global
	GlobalSection(SolutionConfigurationPlatforms) = preSolution
		Debug|Win32 = Debug|Win32
		Release|Win32 = Release|Win32
	EndGlobalSection
	GlobalSection(ProjectConfigurationPlatforms) = postSolution
		{5E2E3B85-840F-4AD9-8C56-9E74787ACA84}.Debug|Win32.ActiveCfg = Debug|Win32
		{5E2E3B85-840F-4AD9-8C56-9E74787ACA84}.Debug|Win32.Build.0 = Debug|Win32
		{5E2E3B85-840F-4AD9-8C56-9E74787ACA84}.Release|Win32.ActiveCfg = Release|Win32
		{5E2E3B85-840F-4AD9-8C56-9E74787ACA84}.Release|Win32.Build.0 = Release|Win32
	EndGlobalSection
	GlobalSection(SolutionProperties) = preSolution
		HideSolutionNode = FALSE
	EndGlobalSection
EndGlobal
