
Microsoft Visual Studio Solution File, Format Version 11.00
# Visual Studio 2010
Project("{8BC9CEB8-8B4A-11D0-8D11-00A0C91BC942}") = "hoj 1225-Supermarket", "hoj 1225-Supermarket\hoj 1225-Supermarket.vcxproj", "{8BB71E31-02F6-4E2C-8AC8-46A288DA691D}"
EndProject
Global
	GlobalSection(SolutionConfigurationPlatforms) = preSolution
		Debug|Win32 = Debug|Win32
		Release|Win32 = Release|Win32
	EndGlobalSection
	GlobalSection(ProjectConfigurationPlatforms) = postSolution
		{8BB71E31-02F6-4E2C-8AC8-46A288DA691D}.Debug|Win32.ActiveCfg = Debug|Win32
		{8BB71E31-02F6-4E2C-8AC8-46A288DA691D}.Debug|Win32.Build.0 = Debug|Win32
		{8BB71E31-02F6-4E2C-8AC8-46A288DA691D}.Release|Win32.ActiveCfg = Release|Win32
		{8BB71E31-02F6-4E2C-8AC8-46A288DA691D}.Release|Win32.Build.0 = Release|Win32
	EndGlobalSection
	GlobalSection(SolutionProperties) = preSolution
		HideSolutionNode = FALSE
	EndGlobalSection
EndGlobal
