
Microsoft Visual Studio Solution File, Format Version 10.00
# Visual Studio 2008
Project("{FAE04EC0-301F-11D3-BF4B-00C04F79EFBC}") = "Myform8", "Myform8\Myform8.csproj", "{2465CC19-8C51-4B26-A300-7303299EE76C}"
EndProject
Global
	GlobalSection(SolutionConfigurationPlatforms) = preSolution
		Debug|Any CPU = Debug|Any CPU
		Release|Any CPU = Release|Any CPU
	EndGlobalSection
	GlobalSection(ProjectConfigurationPlatforms) = postSolution
		{2465CC19-8C51-4B26-A300-7303299EE76C}.Debug|Any CPU.ActiveCfg = Debug|Any CPU
		{2465CC19-8C51-4B26-A300-7303299EE76C}.Debug|Any CPU.Build.0 = Debug|Any CPU
		{2465CC19-8C51-4B26-A300-7303299EE76C}.Release|Any CPU.ActiveCfg = Release|Any CPU
		{2465CC19-8C51-4B26-A300-7303299EE76C}.Release|Any CPU.Build.0 = Release|Any CPU
	EndGlobalSection
	GlobalSection(SolutionProperties) = preSolution
		HideSolutionNode = FALSE
	EndGlobalSection
EndGlobal
