
Microsoft Visual Studio Solution File, Format Version 11.00
# Visual Studio 2010
Project("{8BC9CEB8-8B4A-11D0-8D11-00A0C91BC942}") = "hoj 1941-超市收银问题", "hoj 1941-超市收银问题\hoj 1941-超市收银问题.vcxproj", "{78BFA141-7F80-4570-A61D-AFE2976C952C}"
EndProject
Global
	GlobalSection(SolutionConfigurationPlatforms) = preSolution
		Debug|Win32 = Debug|Win32
		Release|Win32 = Release|Win32
	EndGlobalSection
	GlobalSection(ProjectConfigurationPlatforms) = postSolution
		{78BFA141-7F80-4570-A61D-AFE2976C952C}.Debug|Win32.ActiveCfg = Debug|Win32
		{78BFA141-7F80-4570-A61D-AFE2976C952C}.Debug|Win32.Build.0 = Debug|Win32
		{78BFA141-7F80-4570-A61D-AFE2976C952C}.Release|Win32.ActiveCfg = Release|Win32
		{78BFA141-7F80-4570-A61D-AFE2976C952C}.Release|Win32.Build.0 = Release|Win32
	EndGlobalSection
	GlobalSection(SolutionProperties) = preSolution
		HideSolutionNode = FALSE
	EndGlobalSection
EndGlobal
