
Microsoft Visual Studio Solution File, Format Version 11.00
# Visual Studio 2010
Project("{8BC9CEB8-8B4A-11D0-8D11-00A0C91BC942}") = "hoj 1080-Digital roots(水)", "hoj 1080-Digital roots(水)\hoj 1080-Digital roots(水).vcxproj", "{F70B3DC7-81AE-4ED8-B4BD-1DA1501AE01F}"
EndProject
Global
	GlobalSection(SolutionConfigurationPlatforms) = preSolution
		Debug|Win32 = Debug|Win32
		Release|Win32 = Release|Win32
	EndGlobalSection
	GlobalSection(ProjectConfigurationPlatforms) = postSolution
		{F70B3DC7-81AE-4ED8-B4BD-1DA1501AE01F}.Debug|Win32.ActiveCfg = Debug|Win32
		{F70B3DC7-81AE-4ED8-B4BD-1DA1501AE01F}.Debug|Win32.Build.0 = Debug|Win32
		{F70B3DC7-81AE-4ED8-B4BD-1DA1501AE01F}.Release|Win32.ActiveCfg = Release|Win32
		{F70B3DC7-81AE-4ED8-B4BD-1DA1501AE01F}.Release|Win32.Build.0 = Release|Win32
	EndGlobalSection
	GlobalSection(SolutionProperties) = preSolution
		HideSolutionNode = FALSE
	EndGlobalSection
EndGlobal
