
Microsoft Visual Studio Solution File, Format Version 11.00
# Visual Studio 2010
Project("{8BC9CEB8-8B4A-11D0-8D11-00A0C91BC942}") = "hoj 1799-Circle and Points", "hoj 1799-Circle and Points\hoj 1799-Circle and Points.vcxproj", "{4AA2D5A2-BBA5-420B-BD5F-15536F861D89}"
EndProject
Global
	GlobalSection(SolutionConfigurationPlatforms) = preSolution
		Debug|Win32 = Debug|Win32
		Release|Win32 = Release|Win32
	EndGlobalSection
	GlobalSection(ProjectConfigurationPlatforms) = postSolution
		{4AA2D5A2-BBA5-420B-BD5F-15536F861D89}.Debug|Win32.ActiveCfg = Debug|Win32
		{4AA2D5A2-BBA5-420B-BD5F-15536F861D89}.Debug|Win32.Build.0 = Debug|Win32
		{4AA2D5A2-BBA5-420B-BD5F-15536F861D89}.Release|Win32.ActiveCfg = Release|Win32
		{4AA2D5A2-BBA5-420B-BD5F-15536F861D89}.Release|Win32.Build.0 = Release|Win32
	EndGlobalSection
	GlobalSection(SolutionProperties) = preSolution
		HideSolutionNode = FALSE
	EndGlobalSection
EndGlobal
