
Microsoft Visual Studio Solution File, Format Version 12.00
# Visual Studio 2012
Project("{8BC9CEB8-8B4A-11D0-8D11-00A0C91BC942}") = "hoj 3061-Wormholes(Bellman-Ford负权最短路径)", "hoj 3061-Wormholes(Bellman-Ford负权最短路径)\hoj 3061-Wormholes(Bellman-Ford负权最短路径).vcxproj", "{A8401AB6-73DC-4B73-B7A9-A70A51C514F9}"
EndProject
Global
	GlobalSection(SolutionConfigurationPlatforms) = preSolution
		Debug|Win32 = Debug|Win32
		Release|Win32 = Release|Win32
	EndGlobalSection
	GlobalSection(ProjectConfigurationPlatforms) = postSolution
		{A8401AB6-73DC-4B73-B7A9-A70A51C514F9}.Debug|Win32.ActiveCfg = Debug|Win32
		{A8401AB6-73DC-4B73-B7A9-A70A51C514F9}.Debug|Win32.Build.0 = Debug|Win32
		{A8401AB6-73DC-4B73-B7A9-A70A51C514F9}.Release|Win32.ActiveCfg = Release|Win32
		{A8401AB6-73DC-4B73-B7A9-A70A51C514F9}.Release|Win32.Build.0 = Release|Win32
	EndGlobalSection
	GlobalSection(SolutionProperties) = preSolution
		HideSolutionNode = FALSE
	EndGlobalSection
EndGlobal
