
Microsoft Visual Studio Solution File, Format Version 12.00
# Visual Studio 2012
Project("{8BC9CEB8-8B4A-11D0-8D11-00A0C91BC942}") = "poj 3349-Snowflake Snow Snowflakes(hash)", "poj 3349-Snowflake Snow Snowflakes(hash)\poj 3349-Snowflake Snow Snowflakes(hash).vcxproj", "{61A54171-1D4C-4511-9993-E6D1BF2BBDDA}"
EndProject
Global
	GlobalSection(SolutionConfigurationPlatforms) = preSolution
		Debug|Win32 = Debug|Win32
		Release|Win32 = Release|Win32
	EndGlobalSection
	GlobalSection(ProjectConfigurationPlatforms) = postSolution
		{61A54171-1D4C-4511-9993-E6D1BF2BBDDA}.Debug|Win32.ActiveCfg = Debug|Win32
		{61A54171-1D4C-4511-9993-E6D1BF2BBDDA}.Debug|Win32.Build.0 = Debug|Win32
		{61A54171-1D4C-4511-9993-E6D1BF2BBDDA}.Release|Win32.ActiveCfg = Release|Win32
		{61A54171-1D4C-4511-9993-E6D1BF2BBDDA}.Release|Win32.Build.0 = Release|Win32
	EndGlobalSection
	GlobalSection(SolutionProperties) = preSolution
		HideSolutionNode = FALSE
	EndGlobalSection
EndGlobal
