
Microsoft Visual Studio Solution File, Format Version 12.00
# Visual Studio 2012
Project("{8BC9CEB8-8B4A-11D0-8D11-00A0C91BC942}") = "poj 3518-Prime Gap(素数)", "poj 3518-Prime Gap(素数)\poj 3518-Prime Gap(素数).vcxproj", "{60FAC5BB-0D2E-4936-BD57-C4BE649C04F7}"
EndProject
Global
	GlobalSection(SolutionConfigurationPlatforms) = preSolution
		Debug|Win32 = Debug|Win32
		Release|Win32 = Release|Win32
	EndGlobalSection
	GlobalSection(ProjectConfigurationPlatforms) = postSolution
		{60FAC5BB-0D2E-4936-BD57-C4BE649C04F7}.Debug|Win32.ActiveCfg = Debug|Win32
		{60FAC5BB-0D2E-4936-BD57-C4BE649C04F7}.Debug|Win32.Build.0 = Debug|Win32
		{60FAC5BB-0D2E-4936-BD57-C4BE649C04F7}.Release|Win32.ActiveCfg = Release|Win32
		{60FAC5BB-0D2E-4936-BD57-C4BE649C04F7}.Release|Win32.Build.0 = Release|Win32
	EndGlobalSection
	GlobalSection(SolutionProperties) = preSolution
		HideSolutionNode = FALSE
	EndGlobalSection
EndGlobal
